{
  "name": "@openwaters/noaa-current-stations",
  "version": "0.4.0",
  "lockfileVersion": 3,
  "requires": true,
  "packages": {
    "": {
      "name": "@openwaters/noaa-current-stations",
      "version": "0.4.0",
      "license": "MIT",
      "bin": {
        "noaa-current-stations": "bin/noaa-current-stations.mjs"
      },
      "engines": {
        "node": ">=20"
      }
    }
  }
}
